
Microsoft Visual Studio Solution File, Format Version 12.00
# Visual Studio Version 17
VisualStudioVersion = 17.14.36616.10 d17.14
MinimumVisualStudioVersion = 10.0.40219.1
Project("{FAE04EC0-301F-11D3-BF4B-00C04F79EFBC}") = "SolidMvc", "SolidMvc\SolidMvc.csproj", "{1A602699-5263-4B39-A452-A71D30994DA5}"
EndProject
Project("{FAE04EC0-301F-11D3-BF4B-00C04F79EFBC}") = "RepositoryPatern", "RepositoryPatern\RepositoryPatern.csproj", "{DCA65BCF-524F-4EA2-8897-F4E70A71FE97}"
EndProject
Global
	GlobalSection(SolutionConfigurationPlatforms) = preSolution
		Debug|Any CPU = Debug|Any CPU
		Release|Any CPU = Release|Any CPU
	EndGlobalSection
	GlobalSection(ProjectConfigurationPlatforms) = postSolution
		{1A602699-5263-4B39-A452-A71D30994DA5}.Debug|Any CPU.ActiveCfg = Debug|Any CPU
		{1A602699-5263-4B39-A452-A71D30994DA5}.Debug|Any CPU.Build.0 = Debug|Any CPU
		{1A602699-5263-4B39-A452-A71D30994DA5}.Release|Any CPU.ActiveCfg = Release|Any CPU
		{1A602699-5263-4B39-A452-A71D30994DA5}.Release|Any CPU.Build.0 = Release|Any CPU
		{DCA65BCF-524F-4EA2-8897-F4E70A71FE97}.Debug|Any CPU.ActiveCfg = Debug|Any CPU
		{DCA65BCF-524F-4EA2-8897-F4E70A71FE97}.Debug|Any CPU.Build.0 = Debug|Any CPU
		{DCA65BCF-524F-4EA2-8897-F4E70A71FE97}.Release|Any CPU.ActiveCfg = Release|Any CPU
		{DCA65BCF-524F-4EA2-8897-F4E70A71FE97}.Release|Any CPU.Build.0 = Release|Any CPU
	EndGlobalSection
	GlobalSection(SolutionProperties) = preSolution
		HideSolutionNode = FALSE
	EndGlobalSection
	GlobalSection(ExtensibilityGlobals) = postSolution
		SolutionGuid = {6D7ADBE1-7C81-4EB7-AECF-2D8DD66DB7BD}
	EndGlobalSection
EndGlobal
